
Microsoft Visual Studio Solution File, Format Version 12.00
# Visual Studio Version 16
VisualStudioVersion = 16.0.32602.291
MinimumVisualStudioVersion = 10.0.40219.1
Project("{FAE04EC0-301F-11D3-BF4B-00C04F79EFBC}") = "FitnessAppBL", "FitnessAppBL\FitnessAppBL.csproj", "{B8524025-DE4A-4AF7-A801-4AA72A067805}"
EndProject
Project("{FAE04EC0-301F-11D3-BF4B-00C04F79EFBC}") = "FitnessAppCMD", "FitnessAppCMD\FitnessAppCMD.csproj", "{785095B5-C3D9-4971-A190-6338A396BE6E}"
EndProject
Global
	GlobalSection(SolutionConfigurationPlatforms) = preSolution
		Debug|Any CPU = Debug|Any CPU
		Release|Any CPU = Release|Any CPU
	EndGlobalSection
	GlobalSection(ProjectConfigurationPlatforms) = postSolution
		{B8524025-DE4A-4AF7-A801-4AA72A067805}.Debug|Any CPU.ActiveCfg = Debug|Any CPU
		{B8524025-DE4A-4AF7-A801-4AA72A067805}.Debug|Any CPU.Build.0 = Debug|Any CPU
		{B8524025-DE4A-4AF7-A801-4AA72A067805}.Release|Any CPU.ActiveCfg = Release|Any CPU
		{B8524025-DE4A-4AF7-A801-4AA72A067805}.Release|Any CPU.Build.0 = Release|Any CPU
		{785095B5-C3D9-4971-A190-6338A396BE6E}.Debug|Any CPU.ActiveCfg = Debug|Any CPU
		{785095B5-C3D9-4971-A190-6338A396BE6E}.Debug|Any CPU.Build.0 = Debug|Any CPU
		{785095B5-C3D9-4971-A190-6338A396BE6E}.Release|Any CPU.ActiveCfg = Release|Any CPU
		{785095B5-C3D9-4971-A190-6338A396BE6E}.Release|Any CPU.Build.0 = Release|Any CPU
	EndGlobalSection
	GlobalSection(SolutionProperties) = preSolution
		HideSolutionNode = FALSE
	EndGlobalSection
	GlobalSection(ExtensibilityGlobals) = postSolution
		SolutionGuid = {2D9F4DE6-651D-4062-BD5B-E008D25E3753}
	EndGlobalSection
EndGlobal
